// !$*UTF8*$!
{
	archiveVersion = 1;
	classes = {
	};
	objectVersion = 46;
	objects = {

/* Begin PBXBuildFile section */
		F403470718243D7400C3D169 /* Foundation.framework in Frameworks */ = {isa = PBXBuildFile; fileRef = F403470618243D7400C3D169 /* Foundation.framework */; };
		F403470918243D7400C3D169 /* CoreGraphics.framework in Frameworks */ = {isa = PBXBuildFile; fileRef = F403470818243D7400C3D169 /* CoreGraphics.framework */; };
		F403470B18243D7400C3D169 /* UIKit.framework in Frameworks */ = {isa = PBXBuildFile; fileRef = F403470A18243D7400C3D169 /* UIKit.framework */; };
		F403470D18243D7400C3D169 /* CoreData.framework in Frameworks */ = {isa = PBXBuildFile; fileRef = F403470C18243D7400C3D169 /* CoreData.framework */; };
		F403471318243D7400C3D169 /* InfoPlist.strings in Resources */ = {isa = PBXBuildFile; fileRef = F403471118243D7400C3D169 /* InfoPlist.strings */; };
		F403471518243D7400C3D169 /* main.m in Sources */ = {isa = PBXBuildFile; fileRef = F403471418243D7400C3D169 /* main.m */; };
		F403471918243D7400C3D169 /* SAAppDelegate.m in Sources */ = {isa = PBXBuildFile; fileRef = F403471818243D7400C3D169 /* SAAppDelegate.m */; };
		F403471C18243D7400C3D169 /* Main.storyboard in Resources */ = {isa = PBXBuildFile; fileRef = F403471A18243D7400C3D169 /* Main.storyboard */; };
		F403471F18243D7400C3D169 /* sssssssss.xcdatamodeld in Sources */ = {isa = PBXBuildFile; fileRef = F403471D18243D7400C3D169 /* sssssssss.xcdatamodeld */; };
		F403472218243D7400C3D169 /* SAMasterViewController.m in Sources */ = {isa = PBXBuildFile; fileRef = F403472118243D7400C3D169 /* SAMasterViewController.m */; };
		F403472518243D7400C3D169 /* SADetailViewController.m in Sources */ = {isa = PBXBuildFile; fileRef = F403472418243D7400C3D169 /* SADetailViewController.m */; };
		F403472718243D7400C3D169 /* Images.xcassets in Resources */ = {isa = PBXBuildFile; fileRef = F403472618243D7400C3D169 /* Images.xcassets */; };
		F403472E18243D7400C3D169 /* XCTest.framework in Frameworks */ = {isa = PBXBuildFile; fileRef = F403472D18243D7400C3D169 /* XCTest.framework */; };
		F403472F18243D7400C3D169 /* Foundation.framework in Frameworks */ = {isa = PBXBuildFile; fileRef = F403470618243D7400C3D169 /* Foundation.framework */; };
		F403473018243D7400C3D169 /* UIKit.framework in Frameworks */ = {isa = PBXBuildFile; fileRef = F403470A18243D7400C3D169 /* UIKit.framework */; };
		F403473118243D7400C3D169 /* CoreData.framework in Frameworks */ = {isa = PBXBuildFile; fileRef = F403470C18243D7400C3D169 /* CoreData.framework */; };
		F403473918243D7400C3D169 /* InfoPlist.strings in Resources */ = {isa = PBXBuildFile; fileRef = F403473718243D7400C3D169 /* InfoPlist.strings */; };
		F403473B18243D7400C3D169 /* sssssssssTests.m in Sources */ = {isa = PBXBuildFile; fileRef = F403473A18243D7400C3D169 /* sssssssssTests.m */; };
		F4717A831833B96E00C41B1F /* SASearchProfileViewController.m in Sources */ = {isa = PBXBuildFile; fileRef = F4717A821833B96E00C41B1F /* SASearchProfileViewController.m */; };
		F4717A8C1833BBCA00C41B1F /* CDInseratRecord.m in Sources */ = {isa = PBXBuildFile; fileRef = F4717A8B1833BBCA00C41B1F /* CDInseratRecord.m */; };
		F4717A8F1833BBCB00C41B1F /* Image.m in Sources */ = {isa = PBXBuildFile; fileRef = F4717A8E1833BBCB00C41B1F /* Image.m */; };
		F4717AA21833D22D00C41B1F /* CDSearchProfile.m in Sources */ = {isa = PBXBuildFile; fileRef = F4717AA11833D22D00C41B1F /* CDSearchProfile.m */; };
		F473AF231868A36B008271A7 /* SAPictureViewController.m in Sources */ = {isa = PBXBuildFile; fileRef = F473AF221868A36B008271A7 /* SAPictureViewController.m */; };
		F48077FA183FAE6E000CE57A /* SAInseratDetailViewController.m in Sources */ = {isa = PBXBuildFile; fileRef = F48077F9183FAE6E000CE57A /* SAInseratDetailViewController.m */; };
		F48077FD183FB6B1000CE57A /* punkt.png in Resources */ = {isa = PBXBuildFile; fileRef = F48077FB183FB6B0000CE57A /* punkt.png */; };
		F48077FE183FB6B1000CE57A /* plus.png in Resources */ = {isa = PBXBuildFile; fileRef = F48077FC183FB6B1000CE57A /* plus.png */; };
		F4807800183FBF4E000CE57A /* CoreLocation.framework in Frameworks */ = {isa = PBXBuildFile; fileRef = F48077FF183FBF4E000CE57A /* CoreLocation.framework */; };
		F4807802183FBF5C000CE57A /* MapKit.framework in Frameworks */ = {isa = PBXBuildFile; fileRef = F4807801183FBF5C000CE57A /* MapKit.framework */; };
		F498E0B9182A51F300131AE5 /* InseratRecord.m in Sources */ = {isa = PBXBuildFile; fileRef = F498E0B8182A51F300131AE5 /* InseratRecord.m */; };
		F498E0BC182A521400131AE5 /* SAInseratLoader.m in Sources */ = {isa = PBXBuildFile; fileRef = F498E0BB182A521400131AE5 /* SAInseratLoader.m */; };
		F498E0BF182A528400131AE5 /* SAViewController.m in Sources */ = {isa = PBXBuildFile; fileRef = F498E0BE182A528400131AE5 /* SAViewController.m */; };
		F498E0C2182A58F700131AE5 /* CDInseratHandler.m in Sources */ = {isa = PBXBuildFile; fileRef = F498E0C1182A58F700131AE5 /* CDInseratHandler.m */; };
		F498E0C5182D0FF100131AE5 /* SAPictureLoader.m in Sources */ = {isa = PBXBuildFile; fileRef = F498E0C4182D0FF100131AE5 /* SAPictureLoader.m */; };
		F498E0C9182D172A00131AE5 /* SAInseratCell.m in Sources */ = {isa = PBXBuildFile; fileRef = F498E0C7182D172A00131AE5 /* SAInseratCell.m */; };
		F498E0CA182D172A00131AE5 /* SAInseratCell.xib in Resources */ = {isa = PBXBuildFile; fileRef = F498E0C8182D172A00131AE5 /* SAInseratCell.xib */; };
		F498E0CD182D2EA500131AE5 /* ScrollViewContainer.m in Sources */ = {isa = PBXBuildFile; fileRef = F498E0CC182D2EA500131AE5 /* ScrollViewContainer.m */; };
		F4B172A1186F1A7C007C22A0 /* SAInseratDownloader.m in Sources */ = {isa = PBXBuildFile; fileRef = F4B172A0186F1A7C007C22A0 /* SAInseratDownloader.m */; };
		F4EAC27018587C1B003C3F90 /* SASearchProfileDetailViewController.m in Sources */ = {isa = PBXBuildFile; fileRef = F4EAC26F18587C1B003C3F90 /* SASearchProfileDetailViewController.m */; };
		F4EAC2871859CCC1003C3F90 /* KeychainItemWrapper.m in Sources */ = {isa = PBXBuildFile; fileRef = F4EAC27E1859CCC1003C3F90 /* KeychainItemWrapper.m */; };
		F4EAC2881859CCC1003C3F90 /* UserActionHandler.m in Sources */ = {isa = PBXBuildFile; fileRef = F4EAC2801859CCC1003C3F90 /* UserActionHandler.m */; };
		F4EAC2891859CCC1003C3F90 /* SARegisterViewController.m in Sources */ = {isa = PBXBuildFile; fileRef = F4EAC2821859CCC1003C3F90 /* SARegisterViewController.m */; };
		F4EAC28A1859CCC1003C3F90 /* SALogInViewController.m in Sources */ = {isa = PBXBuildFile; fileRef = F4EAC2841859CCC1003C3F90 /* SALogInViewController.m */; };
		F4EAC291185B6155003C3F90 /* SASideMenuViewController.m in Sources */ = {isa = PBXBuildFile; fileRef = F4EAC290185B6154003C3F90 /* SASideMenuViewController.m */; };
		F4EAC29618620A1E003C3F90 /* SAAccountViewController.m in Sources */ = {isa = PBXBuildFile; fileRef = F4EAC29518620A1E003C3F90 /* SAAccountViewController.m */; };
/* End PBXBuildFile section */

/* Begin PBXContainerItemProxy section */
		F403473218243D7400C3D169 /* PBXContainerItemProxy */ = {
			isa = PBXContainerItemProxy;
			containerPortal = F40346FB18243D7400C3D169 /* Project object */;
			proxyType = 1;
			remoteGlobalIDString = F403470218243D7400C3D169;
			remoteInfo = sssssssss;
		};
/* End PBXContainerItemProxy section */

/* Begin PBXFileReference section */
		F403470318243D7400C3D169 /* sssssssss.app */ = {isa = PBXFileReference; explicitFileType = wrapper.application; includeInIndex = 0; path = sssssssss.app; sourceTree = BUILT_PRODUCTS_DIR; };
		F403470618243D7400C3D169 /* Foundation.framework */ = {isa = PBXFileReference; lastKnownFileType = wrapper.framework; name = Foundation.framework; path = System/Library/Frameworks/Foundation.framework; sourceTree = SDKROOT; };
		F403470818243D7400C3D169 /* CoreGraphics.framework */ = {isa = PBXFileReference; lastKnownFileType = wrapper.framework; name = CoreGraphics.framework; path = System/Library/Frameworks/CoreGraphics.framework; sourceTree = SDKROOT; };
		F403470A18243D7400C3D169 /* UIKit.framework */ = {isa = PBXFileReference; lastKnownFileType = wrapper.framework; name = UIKit.framework; path = System/Library/Frameworks/UIKit.framework; sourceTree = SDKROOT; };
		F403470C18243D7400C3D169 /* CoreData.framework */ = {isa = PBXFileReference; lastKnownFileType = wrapper.framework; name = CoreData.framework; path = System/Library/Frameworks/CoreData.framework; sourceTree = SDKROOT; };
		F403471018243D7400C3D169 /* sssssssss-Info.plist */ = {isa = PBXFileReference; lastKnownFileType = text.plist.xml; path = "sssssssss-Info.plist"; sourceTree = "<group>"; };
		F403471218243D7400C3D169 /* en */ = {isa = PBXFileReference; lastKnownFileType = text.plist.strings; name = en; path = en.lproj/InfoPlist.strings; sourceTree = "<group>"; };
		F403471418243D7400C3D169 /* main.m */ = {isa = PBXFileReference; lastKnownFileType = sourcecode.c.objc; path = main.m; sourceTree = "<group>"; };
		F403471618243D7400C3D169 /* sssssssss-Prefix.pch */ = {isa = PBXFileReference; lastKnownFileType = sourcecode.c.h; path = "sssssssss-Prefix.pch"; sourceTree = "<group>"; };
		F403471718243D7400C3D169 /* SAAppDelegate.h */ = {isa = PBXFileReference; lastKnownFileType = sourcecode.c.h; path = SAAppDelegate.h; sourceTree = "<group>"; };
		F403471818243D7400C3D169 /* SAAppDelegate.m */ = {isa = PBXFileReference; lastKnownFileType = sourcecode.c.objc; path = SAAppDelegate.m; sourceTree = "<group>"; };
		F403471B18243D7400C3D169 /* Base */ = {isa = PBXFileReference; lastKnownFileType = file.storyboard; name = Base; path = Base.lproj/Main.storyboard; sourceTree = "<group>"; };
		F403471E18243D7400C3D169 /* sssssssss.xcdatamodel */ = {isa = PBXFileReference; lastKnownFileType = wrapper.xcdatamodel; path = sssssssss.xcdatamodel; sourceTree = "<group>"; };
		F403472018243D7400C3D169 /* SAMasterViewController.h */ = {isa = PBXFileReference; lastKnownFileType = sourcecode.c.h; path = SAMasterViewController.h; sourceTree = "<group>"; };
		F403472118243D7400C3D169 /* SAMasterViewController.m */ = {isa = PBXFileReference; lastKnownFileType = sourcecode.c.objc; path = SAMasterViewController.m; sourceTree = "<group>"; };
		F403472318243D7400C3D169 /* SADetailViewController.h */ = {isa = PBXFileReference; lastKnownFileType = sourcecode.c.h; path = SADetailViewController.h; sourceTree = "<group>"; };
		F403472418243D7400C3D169 /* SADetailViewController.m */ = {isa = PBXFileReference; lastKnownFileType = sourcecode.c.objc; path = SADetailViewController.m; sourceTree = "<group>"; };
		F403472618243D7400C3D169 /* Images.xcassets */ = {isa = PBXFileReference; lastKnownFileType = folder.assetcatalog; path = Images.xcassets; sourceTree = "<group>"; };
		F403472C18243D7400C3D169 /* sssssssssTests.xctest */ = {isa = PBXFileReference; explicitFileType = wrapper.cfbundle; includeInIndex = 0; path = sssssssssTests.xctest; sourceTree = BUILT_PRODUCTS_DIR; };
		F403472D18243D7400C3D169 /* XCTest.framework */ = {isa = PBXFileReference; lastKnownFileType = wrapper.framework; name = XCTest.framework; path = Library/Frameworks/XCTest.framework; sourceTree = DEVELOPER_DIR; };
		F403473618243D7400C3D169 /* sssssssssTests-Info.plist */ = {isa = PBXFileReference; lastKnownFileType = text.plist.xml; path = "sssssssssTests-Info.plist"; sourceTree = "<group>"; };
		F403473818243D7400C3D169 /* en */ = {isa = PBXFileReference; lastKnownFileType = text.plist.strings; name = en; path = en.lproj/InfoPlist.strings; sourceTree = "<group>"; };
		F403473A18243D7400C3D169 /* sssssssssTests.m */ = {isa = PBXFileReference; lastKnownFileType = sourcecode.c.objc; path = sssssssssTests.m; sourceTree = "<group>"; };
		F4717A811833B96E00C41B1F /* SASearchProfileViewController.h */ = {isa = PBXFileReference; fileEncoding = 4; lastKnownFileType = sourcecode.c.h; path = SASearchProfileViewController.h; sourceTree = "<group>"; };
		F4717A821833B96E00C41B1F /* SASearchProfileViewController.m */ = {isa = PBXFileReference; fileEncoding = 4; lastKnownFileType = sourcecode.c.objc; path = SASearchProfileViewController.m; sourceTree = "<group>"; };
		F4717A8A1833BBCA00C41B1F /* CDInseratRecord.h */ = {isa = PBXFileReference; fileEncoding = 4; lastKnownFileType = sourcecode.c.h; path = CDInseratRecord.h; sourceTree = "<group>"; };
		F4717A8B1833BBCA00C41B1F /* CDInseratRecord.m */ = {isa = PBXFileReference; fileEncoding = 4; lastKnownFileType = sourcecode.c.objc; path = CDInseratRecord.m; sourceTree = "<group>"; };
		F4717A8D1833BBCB00C41B1F /* Image.h */ = {isa = PBXFileReference; fileEncoding = 4; lastKnownFileType = sourcecode.c.h; path = Image.h; sourceTree = "<group>"; };
		F4717A8E1833BBCB00C41B1F /* Image.m */ = {isa = PBXFileReference; fileEncoding = 4; lastKnownFileType = sourcecode.c.objc; path = Image.m; sourceTree = "<group>"; };
		F4717AA01833D22D00C41B1F /* CDSearchProfile.h */ = {isa = PBXFileReference; fileEncoding = 4; lastKnownFileType = sourcecode.c.h; path = CDSearchProfile.h; sourceTree = "<group>"; };
		F4717AA11833D22D00C41B1F /* CDSearchProfile.m */ = {isa = PBXFileReference; fileEncoding = 4; lastKnownFileType = sourcecode.c.objc; path = CDSearchProfile.m; sourceTree = "<group>"; };
		F473AF211868A36B008271A7 /* SAPictureViewController.h */ = {isa = PBXFileReference; fileEncoding = 4; lastKnownFileType = sourcecode.c.h; path = SAPictureViewController.h; sourceTree = "<group>"; };
		F473AF221868A36B008271A7 /* SAPictureViewController.m */ = {isa = PBXFileReference; fileEncoding = 4; lastKnownFileType = sourcecode.c.objc; path = SAPictureViewController.m; sourceTree = "<group>"; };
		F48077F8183FAE6E000CE57A /* SAInseratDetailViewController.h */ = {isa = PBXFileReference; fileEncoding = 4; lastKnownFileType = sourcecode.c.h; path = SAInseratDetailViewController.h; sourceTree = "<group>"; };
		F48077F9183FAE6E000CE57A /* SAInseratDetailViewController.m */ = {isa = PBXFileReference; fileEncoding = 4; lastKnownFileType = sourcecode.c.objc; path = SAInseratDetailViewController.m; sourceTree = "<group>"; };
		F48077FB183FB6B0000CE57A /* punkt.png */ = {isa = PBXFileReference; lastKnownFileType = image.png; path = punkt.png; sourceTree = "<group>"; };
		F48077FC183FB6B1000CE57A /* plus.png */ = {isa = PBXFileReference; lastKnownFileType = image.png; path = plus.png; sourceTree = "<group>"; };
		F48077FF183FBF4E000CE57A /* CoreLocation.framework */ = {isa = PBXFileReference; lastKnownFileType = wrapper.framework; name = CoreLocation.framework; path = System/Library/Frameworks/CoreLocation.framework; sourceTree = SDKROOT; };
		F4807801183FBF5C000CE57A /* MapKit.framework */ = {isa = PBXFileReference; lastKnownFileType = wrapper.framework; name = MapKit.framework; path = System/Library/Frameworks/MapKit.framework; sourceTree = SDKROOT; };
		F498E0B7182A51F300131AE5 /* InseratRecord.h */ = {isa = PBXFileReference; fileEncoding = 4; lastKnownFileType = sourcecode.c.h; path = InseratRecord.h; sourceTree = "<group>"; };
		F498E0B8182A51F300131AE5 /* InseratRecord.m */ = {isa = PBXFileReference; fileEncoding = 4; lastKnownFileType = sourcecode.c.objc; path = InseratRecord.m; sourceTree = "<group>"; };
		F498E0BA182A521400131AE5 /* SAInseratLoader.h */ = {isa = PBXFileReference; fileEncoding = 4; lastKnownFileType = sourcecode.c.h; path = SAInseratLoader.h; sourceTree = "<group>"; };
		F498E0BB182A521400131AE5 /* SAInseratLoader.m */ = {isa = PBXFileReference; fileEncoding = 4; lastKnownFileType = sourcecode.c.objc; path = SAInseratLoader.m; sourceTree = "<group>"; };
		F498E0BD182A528400131AE5 /* SAViewController.h */ = {isa = PBXFileReference; fileEncoding = 4; lastKnownFileType = sourcecode.c.h; path = SAViewController.h; sourceTree = "<group>"; };
		F498E0BE182A528400131AE5 /* SAViewController.m */ = {isa = PBXFileReference; fileEncoding = 4; lastKnownFileType = sourcecode.c.objc; path = SAViewController.m; sourceTree = "<group>"; };
		F498E0C0182A58F700131AE5 /* CDInseratHandler.h */ = {isa = PBXFileReference; fileEncoding = 4; lastKnownFileType = sourcecode.c.h; path = CDInseratHandler.h; sourceTree = "<group>"; };
		F498E0C1182A58F700131AE5 /* CDInseratHandler.m */ = {isa = PBXFileReference; fileEncoding = 4; lastKnownFileType = sourcecode.c.objc; path = CDInseratHandler.m; sourceTree = "<group>"; };
		F498E0C3182D0FF100131AE5 /* SAPictureLoader.h */ = {isa = PBXFileReference; fileEncoding = 4; lastKnownFileType = sourcecode.c.h; path = SAPictureLoader.h; sourceTree = "<group>"; };
		F498E0C4182D0FF100131AE5 /* SAPictureLoader.m */ = {isa = PBXFileReference; fileEncoding = 4; lastKnownFileType = sourcecode.c.objc; path = SAPictureLoader.m; sourceTree = "<group>"; };
		F498E0C6182D172A00131AE5 /* SAInseratCell.h */ = {isa = PBXFileReference; fileEncoding = 4; lastKnownFileType = sourcecode.c.h; path = SAInseratCell.h; sourceTree = "<group>"; };
		F498E0C7182D172A00131AE5 /* SAInseratCell.m */ = {isa = PBXFileReference; fileEncoding = 4; lastKnownFileType = sourcecode.c.objc; path = SAInseratCell.m; sourceTree = "<group>"; };
		F498E0C8182D172A00131AE5 /* SAInseratCell.xib */ = {isa = PBXFileReference; fileEncoding = 4; lastKnownFileType = file.xib; path = SAInseratCell.xib; sourceTree = "<group>"; };
		F498E0CB182D2EA500131AE5 /* ScrollViewContainer.h */ = {isa = PBXFileReference; fileEncoding = 4; lastKnownFileType = sourcecode.c.h; path = ScrollViewContainer.h; sourceTree = "<group>"; };
		F498E0CC182D2EA500131AE5 /* ScrollViewContainer.m */ = {isa = PBXFileReference; fileEncoding = 4; lastKnownFileType = sourcecode.c.objc; path = ScrollViewContainer.m; sourceTree = "<group>"; };
		F4B1729F186F1A7C007C22A0 /* SAInseratDownloader.h */ = {isa = PBXFileReference; fileEncoding = 4; lastKnownFileType = sourcecode.c.h; path = SAInseratDownloader.h; sourceTree = "<group>"; };
		F4B172A0186F1A7C007C22A0 /* SAInseratDownloader.m */ = {isa = PBXFileReference; fileEncoding = 4; lastKnownFileType = sourcecode.c.objc; path = SAInseratDownloader.m; sourceTree = "<group>"; };
		F4EAC26E18587C1B003C3F90 /* SASearchProfileDetailViewController.h */ = {isa = PBXFileReference; fileEncoding = 4; lastKnownFileType = sourcecode.c.h; path = SASearchProfileDetailViewController.h; sourceTree = "<group>"; };
		F4EAC26F18587C1B003C3F90 /* SASearchProfileDetailViewController.m */ = {isa = PBXFileReference; fileEncoding = 4; lastKnownFileType = sourcecode.c.objc; path = SASearchProfileDetailViewController.m; sourceTree = "<group>"; };
		F4EAC27D1859CCC1003C3F90 /* KeychainItemWrapper.h */ = {isa = PBXFileReference; fileEncoding = 4; lastKnownFileType = sourcecode.c.h; path = KeychainItemWrapper.h; sourceTree = "<group>"; };
		F4EAC27E1859CCC1003C3F90 /* KeychainItemWrapper.m */ = {isa = PBXFileReference; fileEncoding = 4; lastKnownFileType = sourcecode.c.objc; path = KeychainItemWrapper.m; sourceTree = "<group>"; };
		F4EAC27F1859CCC1003C3F90 /* UserActionHandler.h */ = {isa = PBXFileReference; fileEncoding = 4; lastKnownFileType = sourcecode.c.h; path = UserActionHandler.h; sourceTree = "<group>"; };
		F4EAC2801859CCC1003C3F90 /* UserActionHandler.m */ = {isa = PBXFileReference; fileEncoding = 4; lastKnownFileType = sourcecode.c.objc; path = UserActionHandler.m; sourceTree = "<group>"; };
		F4EAC2811859CCC1003C3F90 /* SARegisterViewController.h */ = {isa = PBXFileReference; fileEncoding = 4; lastKnownFileType = sourcecode.c.h; path = SARegisterViewController.h; sourceTree = "<group>"; };
		F4EAC2821859CCC1003C3F90 /* SARegisterViewController.m */ = {isa = PBXFileReference; fileEncoding = 4; lastKnownFileType = sourcecode.c.objc; path = SARegisterViewController.m; sourceTree = "<group>"; };
		F4EAC2831859CCC1003C3F90 /* SALogInViewController.h */ = {isa = PBXFileReference; fileEncoding = 4; lastKnownFileType = sourcecode.c.h; path = SALogInViewController.h; sourceTree = "<group>"; };
		F4EAC2841859CCC1003C3F90 /* SALogInViewController.m */ = {isa = PBXFileReference; fileEncoding = 4; lastKnownFileType = sourcecode.c.objc; path = SALogInViewController.m; sourceTree = "<group>"; };
		F4EAC28F185B6154003C3F90 /* SASideMenuViewController.h */ = {isa = PBXFileReference; fileEncoding = 4; lastKnownFileType = sourcecode.c.h; path = SASideMenuViewController.h; sourceTree = "<group>"; };
		F4EAC290185B6154003C3F90 /* SASideMenuViewController.m */ = {isa = PBXFileReference; fileEncoding = 4; lastKnownFileType = sourcecode.c.objc; path = SASideMenuViewController.m; sourceTree = "<group>"; };
		F4EAC29418620A1E003C3F90 /* SAAccountViewController.h */ = {isa = PBXFileReference; fileEncoding = 4; lastKnownFileType = sourcecode.c.h; path = SAAccountViewController.h; sourceTree = "<group>"; };
		F4EAC29518620A1E003C3F90 /* SAAccountViewController.m */ = {isa = PBXFileReference; fileEncoding = 4; lastKnownFileType = sourcecode.c.objc; path = SAAccountViewController.m; sourceTree = "<group>"; };
/* End PBXFileReference section */

/* Begin PBXFrameworksBuildPhase section */
		F403470018243D7400C3D169 /* Frameworks */ = {
			isa = PBXFrameworksBuildPhase;
			buildActionMask = 2147483647;
			files = (
				F4807802183FBF5C000CE57A /* MapKit.framework in Frameworks */,
				F4807800183FBF4E000CE57A /* CoreLocation.framework in Frameworks */,
				F403470918243D7400C3D169 /* CoreGraphics.framework in Frameworks */,
				F403470D18243D7400C3D169 /* CoreData.framework in Frameworks */,
				F403470B18243D7400C3D169 /* UIKit.framework in Frameworks */,
				F403470718243D7400C3D169 /* Foundation.framework in Frameworks */,
			);
			runOnlyForDeploymentPostprocessing = 0;
		};
		F403472918243D7400C3D169 /* Frameworks */ = {
			isa = PBXFrameworksBuildPhase;
			buildActionMask = 2147483647;
			files = (
				F403472E18243D7400C3D169 /* XCTest.framework in Frameworks */,
				F403473118243D7400C3D169 /* CoreData.framework in Frameworks */,
				F403473018243D7400C3D169 /* UIKit.framework in Frameworks */,
				F403472F18243D7400C3D169 /* Foundation.framework in Frameworks */,
			);
			runOnlyForDeploymentPostprocessing = 0;
		};
/* End PBXFrameworksBuildPhase section */

/* Begin PBXGroup section */
		F40346FA18243D7400C3D169 = {
			isa = PBXGroup;
			children = (
				F403470E18243D7400C3D169 /* sssssssss */,
				F403473418243D7400C3D169 /* sssssssssTests */,
				F403470518243D7400C3D169 /* Frameworks */,
				F403470418243D7400C3D169 /* Products */,
			);
			sourceTree = "<group>";
		};
		F403470418243D7400C3D169 /* Products */ = {
			isa = PBXGroup;
			children = (
				F403470318243D7400C3D169 /* sssssssss.app */,
				F403472C18243D7400C3D169 /* sssssssssTests.xctest */,
			);
			name = Products;
			sourceTree = "<group>";
		};
		F403470518243D7400C3D169 /* Frameworks */ = {
			isa = PBXGroup;
			children = (
				F4807801183FBF5C000CE57A /* MapKit.framework */,
				F48077FF183FBF4E000CE57A /* CoreLocation.framework */,
				F403470618243D7400C3D169 /* Foundation.framework */,
				F403470818243D7400C3D169 /* CoreGraphics.framework */,
				F403470A18243D7400C3D169 /* UIKit.framework */,
				F403470C18243D7400C3D169 /* CoreData.framework */,
				F403472D18243D7400C3D169 /* XCTest.framework */,
			);
			name = Frameworks;
			sourceTree = "<group>";
		};
		F403470E18243D7400C3D169 /* sssssssss */ = {
			isa = PBXGroup;
			children = (
				F4EAC292186207BD003C3F90 /* Account */,
				F4717A921833C9BC00C41B1F /* CoreDataHandlers */,
				F4717A901833C99800C41B1F /* InseratCell */,
				F4717A911833C9A700C41B1F /* DownloadHandlers */,
				F4EAC293186207E0003C3F90 /* Detail */,
				F403471718243D7400C3D169 /* SAAppDelegate.h */,
				F403471818243D7400C3D169 /* SAAppDelegate.m */,
				F4EAC27D1859CCC1003C3F90 /* KeychainItemWrapper.h */,
				F4EAC27E1859CCC1003C3F90 /* KeychainItemWrapper.m */,
				F403471A18243D7400C3D169 /* Main.storyboard */,
				F48077FB183FB6B0000CE57A /* punkt.png */,
				F48077FC183FB6B1000CE57A /* plus.png */,
				F403472018243D7400C3D169 /* SAMasterViewController.h */,
				F403472118243D7400C3D169 /* SAMasterViewController.m */,
				F403472318243D7400C3D169 /* SADetailViewController.h */,
				F403472418243D7400C3D169 /* SADetailViewController.m */,
				F403472618243D7400C3D169 /* Images.xcassets */,
				F403471D18243D7400C3D169 /* sssssssss.xcdatamodeld */,
				F403470F18243D7400C3D169 /* Supporting Files */,
				F498E0B7182A51F300131AE5 /* InseratRecord.h */,
				F498E0B8182A51F300131AE5 /* InseratRecord.m */,
				F498E0BD182A528400131AE5 /* SAViewController.h */,
				F498E0BE182A528400131AE5 /* SAViewController.m */,
				F4717A811833B96E00C41B1F /* SASearchProfileViewController.h */,
				F4717A821833B96E00C41B1F /* SASearchProfileViewController.m */,
				F4EAC26E18587C1B003C3F90 /* SASearchProfileDetailViewController.h */,
				F4EAC26F18587C1B003C3F90 /* SASearchProfileDetailViewController.m */,
				F4EAC28F185B6154003C3F90 /* SASideMenuViewController.h */,
				F4EAC290185B6154003C3F90 /* SASideMenuViewController.m */,
			);
			path = sssssssss;
			sourceTree = "<group>";
		};
		F403470F18243D7400C3D169 /* Supporting Files */ = {
			isa = PBXGroup;
			children = (
				F403471018243D7400C3D169 /* sssssssss-Info.plist */,
				F403471118243D7400C3D169 /* InfoPlist.strings */,
				F403471418243D7400C3D169 /* main.m */,
				F403471618243D7400C3D169 /* sssssssss-Prefix.pch */,
			);
			name = "Supporting Files";
			sourceTree = "<group>";
		};
		F403473418243D7400C3D169 /* sssssssssTests */ = {
			isa = PBXGroup;
			children = (
				F403473A18243D7400C3D169 /* sssssssssTests.m */,
				F403473518243D7400C3D169 /* Supporting Files */,
			);
			path = sssssssssTests;
			sourceTree = "<group>";
		};
		F403473518243D7400C3D169 /* Supporting Files */ = {
			isa = PBXGroup;
			children = (
				F403473618243D7400C3D169 /* sssssssssTests-Info.plist */,
				F403473718243D7400C3D169 /* InfoPlist.strings */,
			);
			name = "Supporting Files";
			sourceTree = "<group>";
		};
		F4717A901833C99800C41B1F /* InseratCell */ = {
			isa = PBXGroup;
			children = (
				F498E0CB182D2EA500131AE5 /* ScrollViewContainer.h */,
				F498E0CC182D2EA500131AE5 /* ScrollViewContainer.m */,
				F498E0C6182D172A00131AE5 /* SAInseratCell.h */,
				F498E0C7182D172A00131AE5 /* SAInseratCell.m */,
				F498E0C8182D172A00131AE5 /* SAInseratCell.xib */,
			);
			name = InseratCell;
			sourceTree = "<group>";
		};
		F4717A911833C9A700C41B1F /* DownloadHandlers */ = {
			isa = PBXGroup;
			children = (
				F498E0C3182D0FF100131AE5 /* SAPictureLoader.h */,
				F498E0C4182D0FF100131AE5 /* SAPictureLoader.m */,
				F498E0BA182A521400131AE5 /* SAInseratLoader.h */,
				F498E0BB182A521400131AE5 /* SAInseratLoader.m */,
				F4B1729F186F1A7C007C22A0 /* SAInseratDownloader.h */,
				F4B172A0186F1A7C007C22A0 /* SAInseratDownloader.m */,
			);
			name = DownloadHandlers;
			sourceTree = "<group>";
		};
		F4717A921833C9BC00C41B1F /* CoreDataHandlers */ = {
			isa = PBXGroup;
			children = (
				F4717A8D1833BBCB00C41B1F /* Image.h */,
				F4717A8E1833BBCB00C41B1F /* Image.m */,
				F4717A8A1833BBCA00C41B1F /* CDInseratRecord.h */,
				F4717A8B1833BBCA00C41B1F /* CDInseratRecord.m */,
				F4717AA01833D22D00C41B1F /* CDSearchProfile.h */,
				F4717AA11833D22D00C41B1F /* CDSearchProfile.m */,
				F498E0C0182A58F700131AE5 /* CDInseratHandler.h */,
				F498E0C1182A58F700131AE5 /* CDInseratHandler.m */,
			);
			name = CoreDataHandlers;
			sourceTree = "<group>";
		};
		F4EAC292186207BD003C3F90 /* Account */ = {
			isa = PBXGroup;
			children = (
				F4EAC29418620A1E003C3F90 /* SAAccountViewController.h */,
				F4EAC29518620A1E003C3F90 /* SAAccountViewController.m */,
				F4EAC27F1859CCC1003C3F90 /* UserActionHandler.h */,
				F4EAC2801859CCC1003C3F90 /* UserActionHandler.m */,
				F4EAC2811859CCC1003C3F90 /* SARegisterViewController.h */,
				F4EAC2821859CCC1003C3F90 /* SARegisterViewController.m */,
				F4EAC2831859CCC1003C3F90 /* SALogInViewController.h */,
				F4EAC2841859CCC1003C3F90 /* SALogInViewController.m */,
			);
			name = Account;
			sourceTree = "<group>";
		};
		F4EAC293186207E0003C3F90 /* Detail */ = {
			isa = PBXGroup;
			children = (
				F473AF211868A36B008271A7 /* SAPictureViewController.h */,
				F473AF221868A36B008271A7 /* SAPictureViewController.m */,
				F48077F8183FAE6E000CE57A /* SAInseratDetailViewController.h */,
				F48077F9183FAE6E000CE57A /* SAInseratDetailViewController.m */,
			);
			name = Detail;
			sourceTree = "<group>";
		};
/* End PBXGroup section */

/* Begin PBXNativeTarget section */
		F403470218243D7400C3D169 /* sssssssss */ = {
			isa = PBXNativeTarget;
			buildConfigurationList = F403473E18243D7400C3D169 /* Build configuration list for PBXNativeTarget "sssssssss" */;
			buildPhases = (
				F40346FF18243D7400C3D169 /* Sources */,
				F403470018243D7400C3D169 /* Frameworks */,
				F403470118243D7400C3D169 /* Resources */,
			);
			buildRules = (
			);
			dependencies = (
			);
			name = sssssssss;
			productName = sssssssss;
			productReference = F403470318243D7400C3D169 /* sssssssss.app */;
			productType = "com.apple.product-type.application";
		};
		F403472B18243D7400C3D169 /* sssssssssTests */ = {
			isa = PBXNativeTarget;
			buildConfigurationList = F403474118243D7400C3D169 /* Build configuration list for PBXNativeTarget "sssssssssTests" */;
			buildPhases = (
				F403472818243D7400C3D169 /* Sources */,
				F403472918243D7400C3D169 /* Frameworks */,
				F403472A18243D7400C3D169 /* Resources */,
			);
			buildRules = (
			);
			dependencies = (
				F403473318243D7400C3D169 /* PBXTargetDependency */,
			);
			name = sssssssssTests;
			productName = sssssssssTests;
			productReference = F403472C18243D7400C3D169 /* sssssssssTests.xctest */;
			productType = "com.apple.product-type.bundle.unit-test";
		};
/* End PBXNativeTarget section */

/* Begin PBXProject section */
		F40346FB18243D7400C3D169 /* Project object */ = {
			isa = PBXProject;
			attributes = {
				CLASSPREFIX = SA;
				LastUpgradeCheck = 0500;
				ORGANIZATIONNAME = INFOUND;
				TargetAttributes = {
					F403472B18243D7400C3D169 = {
						TestTargetID = F403470218243D7400C3D169;
					};
				};
			};
			buildConfigurationList = F40346FE18243D7400C3D169 /* Build configuration list for PBXProject "sssssssss" */;
			compatibilityVersion = "Xcode 3.2";
			developmentRegion = English;
			hasScannedForEncodings = 0;
			knownRegions = (
				en,
				Base,
			);
			mainGroup = F40346FA18243D7400C3D169;
			productRefGroup = F403470418243D7400C3D169 /* Products */;
			projectDirPath = "";
			projectRoot = "";
			targets = (
				F403470218243D7400C3D169 /* sssssssss */,
				F403472B18243D7400C3D169 /* sssssssssTests */,
			);
		};
/* End PBXProject section */

/* Begin PBXResourcesBuildPhase section */
		F403470118243D7400C3D169 /* Resources */ = {
			isa = PBXResourcesBuildPhase;
			buildActionMask = 2147483647;
			files = (
				F498E0CA182D172A00131AE5 /* SAInseratCell.xib in Resources */,
				F403472718243D7400C3D169 /* Images.xcassets in Resources */,
				F48077FD183FB6B1000CE57A /* punkt.png in Resources */,
				F403471318243D7400C3D169 /* InfoPlist.strings in Resources */,
				F48077FE183FB6B1000CE57A /* plus.png in Resources */,
				F403471C18243D7400C3D169 /* Main.storyboard in Resources */,
			);
			runOnlyForDeploymentPostprocessing = 0;
		};
		F403472A18243D7400C3D169 /* Resources */ = {
			isa = PBXResourcesBuildPhase;
			buildActionMask = 2147483647;
			files = (
				F403473918243D7400C3D169 /* InfoPlist.strings in Resources */,
			);
			runOnlyForDeploymentPostprocessing = 0;
		};
/* End PBXResourcesBuildPhase section */

/* Begin PBXSourcesBuildPhase section */
		F40346FF18243D7400C3D169 /* Sources */ = {
			isa = PBXSourcesBuildPhase;
			buildActionMask = 2147483647;
			files = (
				F403471918243D7400C3D169 /* SAAppDelegate.m in Sources */,
				F498E0BF182A528400131AE5 /* SAViewController.m in Sources */,
				F498E0C2182A58F700131AE5 /* CDInseratHandler.m in Sources */,
				F403471F18243D7400C3D169 /* sssssssss.xcdatamodeld in Sources */,
				F498E0C9182D172A00131AE5 /* SAInseratCell.m in Sources */,
				F4EAC2871859CCC1003C3F90 /* KeychainItemWrapper.m in Sources */,
				F403472218243D7400C3D169 /* SAMasterViewController.m in Sources */,
				F498E0C5182D0FF100131AE5 /* SAPictureLoader.m in Sources */,
				F48077FA183FAE6E000CE57A /* SAInseratDetailViewController.m in Sources */,
				F4717A8C1833BBCA00C41B1F /* CDInseratRecord.m in Sources */,
				F4EAC291185B6155003C3F90 /* SASideMenuViewController.m in Sources */,
				F403471518243D7400C3D169 /* main.m in Sources */,
				F4717A8F1833BBCB00C41B1F /* Image.m in Sources */,
				F4EAC28A1859CCC1003C3F90 /* SALogInViewController.m in Sources */,
				F4717AA21833D22D00C41B1F /* CDSearchProfile.m in Sources */,
				F498E0BC182A521400131AE5 /* SAInseratLoader.m in Sources */,
				F4EAC27018587C1B003C3F90 /* SASearchProfileDetailViewController.m in Sources */,
				F4717A831833B96E00C41B1F /* SASearchProfileViewController.m in Sources */,
				F498E0CD182D2EA500131AE5 /* ScrollViewContainer.m in Sources */,
				F473AF231868A36B008271A7 /* SAPictureViewController.m in Sources */,
				F4EAC2881859CCC1003C3F90 /* UserActionHandler.m in Sources */,
				F4EAC29618620A1E003C3F90 /* SAAccountViewController.m in Sources */,
				F498E0B9182A51F300131AE5 /* InseratRecord.m in Sources */,
				F4B172A1186F1A7C007C22A0 /* SAInseratDownloader.m in Sources */,
				F403472518243D7400C3D169 /* SADetailViewController.m in Sources */,
				F4EAC2891859CCC1003C3F90 /* SARegisterViewController.m in Sources */,
			);
			runOnlyForDeploymentPostprocessing = 0;
		};
		F403472818243D7400C3D169 /* Sources */ = {
			isa = PBXSourcesBuildPhase;
			buildActionMask = 2147483647;
			files = (
				F403473B18243D7400C3D169 /* sssssssssTests.m in Sources */,
			);
			runOnlyForDeploymentPostprocessing = 0;
		};
/* End PBXSourcesBuildPhase section */

/* Begin PBXTargetDependency section */
		F403473318243D7400C3D169 /* PBXTargetDependency */ = {
			isa = PBXTargetDependency;
			target = F403470218243D7400C3D169 /* sssssssss */;
			targetProxy = F403473218243D7400C3D169 /* PBXContainerItemProxy */;
		};
/* End PBXTargetDependency section */

/* Begin PBXVariantGroup section */
		F403471118243D7400C3D169 /* InfoPlist.strings */ = {
			isa = PBXVariantGroup;
			children = (
				F403471218243D7400C3D169 /* en */,
			);
			name = InfoPlist.strings;
			sourceTree = "<group>";
		};
		F403471A18243D7400C3D169 /* Main.storyboard */ = {
			isa = PBXVariantGroup;
			children = (
				F403471B18243D7400C3D169 /* Base */,
			);
			name = Main.storyboard;
			sourceTree = "<group>";
		};
		F403473718243D7400C3D169 /* InfoPlist.strings */ = {
			isa = PBXVariantGroup;
			children = (
				F403473818243D7400C3D169 /* en */,
			);
			name = InfoPlist.strings;
			sourceTree = "<group>";
		};
/* End PBXVariantGroup section */

/* Begin XCBuildConfiguration section */
		F403473C18243D7400C3D169 /* Debug */ = {
			isa = XCBuildConfiguration;
			buildSettings = {
				ALWAYS_SEARCH_USER_PATHS = NO;
				ARCHS = "$(ARCHS_STANDARD_INCLUDING_64_BIT)";
				CLANG_CXX_LANGUAGE_STANDARD = "gnu++0x";
				CLANG_CXX_LIBRARY = "libc++";
				CLANG_ENABLE_MODULES = YES;
				CLANG_ENABLE_OBJC_ARC = YES;
				CLANG_WARN_BOOL_CONVERSION = YES;
				CLANG_WARN_CONSTANT_CONVERSION = YES;
				CLANG_WARN_DIRECT_OBJC_ISA_USAGE = YES_ERROR;
				CLANG_WARN_EMPTY_BODY = YES;
				CLANG_WARN_ENUM_CONVERSION = YES;
				CLANG_WARN_INT_CONVERSION = YES;
				CLANG_WARN_OBJC_ROOT_CLASS = YES_ERROR;
				CLANG_WARN__DUPLICATE_METHOD_MATCH = YES;
				"CODE_SIGN_IDENTITY[sdk=iphoneos*]" = "iPhone Developer";
				COPY_PHASE_STRIP = NO;
				GCC_C_LANGUAGE_STANDARD = gnu99;
				GCC_DYNAMIC_NO_PIC = NO;
				GCC_OPTIMIZATION_LEVEL = 0;
				GCC_PREPROCESSOR_DEFINITIONS = (
					"DEBUG=1",
					"$(inherited)",
				);
				GCC_SYMBOLS_PRIVATE_EXTERN = NO;
				GCC_WARN_64_TO_32_BIT_CONVERSION = YES;
				GCC_WARN_ABOUT_RETURN_TYPE = YES_ERROR;
				GCC_WARN_UNDECLARED_SELECTOR = YES;
				GCC_WARN_UNINITIALIZED_AUTOS = YES;
				GCC_WARN_UNUSED_FUNCTION = YES;
				GCC_WARN_UNUSED_VARIABLE = YES;
				IPHONEOS_DEPLOYMENT_TARGET = 7.0;
				ONLY_ACTIVE_ARCH = YES;
				SDKROOT = iphoneos;
			};
			name = Debug;
		};
		F403473D18243D7400C3D169 /* Release */ = {
			isa = XCBuildConfiguration;
			buildSettings = {
				ALWAYS_SEARCH_USER_PATHS = NO;
				ARCHS = "$(ARCHS_STANDARD_INCLUDING_64_BIT)";
				CLANG_CXX_LANGUAGE_STANDARD = "gnu++0x";
				CLANG_CXX_LIBRARY = "libc++";
				CLANG_ENABLE_MODULES = YES;
				CLANG_ENABLE_OBJC_ARC = YES;
				CLANG_WARN_BOOL_CONVERSION = YES;
				CLANG_WARN_CONSTANT_CONVERSION = YES;
				CLANG_WARN_DIRECT_OBJC_ISA_USAGE = YES_ERROR;
				CLANG_WARN_EMPTY_BODY = YES;
				CLANG_WARN_ENUM_CONVERSION = YES;
				CLANG_WARN_INT_CONVERSION = YES;
				CLANG_WARN_OBJC_ROOT_CLASS = YES_ERROR;
				CLANG_WARN__DUPLICATE_METHOD_MATCH = YES;
				"CODE_SIGN_IDENTITY[sdk=iphoneos*]" = "iPhone Developer";
				COPY_PHASE_STRIP = YES;
				ENABLE_NS_ASSERTIONS = NO;
				GCC_C_LANGUAGE_STANDARD = gnu99;
				GCC_WARN_64_TO_32_BIT_CONVERSION = YES;
				GCC_WARN_ABOUT_RETURN_TYPE = YES_ERROR;
				GCC_WARN_UNDECLARED_SELECTOR = YES;
				GCC_WARN_UNINITIALIZED_AUTOS = YES;
				GCC_WARN_UNUSED_FUNCTION = YES;
				GCC_WARN_UNUSED_VARIABLE = YES;
				IPHONEOS_DEPLOYMENT_TARGET = 7.0;
				SDKROOT = iphoneos;
				VALIDATE_PRODUCT = YES;
			};
			name = Release;
		};
		F403473F18243D7400C3D169 /* Debug */ = {
			isa = XCBuildConfiguration;
			buildSettings = {
				ASSETCATALOG_COMPILER_APPICON_NAME = AppIcon;
				ASSETCATALOG_COMPILER_LAUNCHIMAGE_NAME = LaunchImage;
				GCC_PRECOMPILE_PREFIX_HEADER = YES;
				GCC_PREFIX_HEADER = "sssssssss/sssssssss-Prefix.pch";
				INFOPLIST_FILE = "sssssssss/sssssssss-Info.plist";
				PRODUCT_NAME = "$(TARGET_NAME)";
				WRAPPER_EXTENSION = app;
			};
			name = Debug;
		};
		F403474018243D7400C3D169 /* Release */ = {
			isa = XCBuildConfiguration;
			buildSettings = {
				ASSETCATALOG_COMPILER_APPICON_NAME = AppIcon;
				ASSETCATALOG_COMPILER_LAUNCHIMAGE_NAME = LaunchImage;
				GCC_PRECOMPILE_PREFIX_HEADER = YES;
				GCC_PREFIX_HEADER = "sssssssss/sssssssss-Prefix.pch";
				INFOPLIST_FILE = "sssssssss/sssssssss-Info.plist";
				PRODUCT_NAME = "$(TARGET_NAME)";
				WRAPPER_EXTENSION = app;
			};
			name = Release;
		};
		F403474218243D7400C3D169 /* Debug */ = {
			isa = XCBuildConfiguration;
			buildSettings = {
				ARCHS = "$(ARCHS_STANDARD_INCLUDING_64_BIT)";
				BUNDLE_LOADER = "$(BUILT_PRODUCTS_DIR)/sssssssss.app/sssssssss";
				FRAMEWORK_SEARCH_PATHS = (
					"$(SDKROOT)/Developer/Library/Frameworks",
					"$(inherited)",
					"$(DEVELOPER_FRAMEWORKS_DIR)",
				);
				GCC_PRECOMPILE_PREFIX_HEADER = YES;
				GCC_PREFIX_HEADER = "sssssssss/sssssssss-Prefix.pch";
				GCC_PREPROCESSOR_DEFINITIONS = (
					"DEBUG=1",
					"$(inherited)",
				);
				INFOPLIST_FILE = "sssssssssTests/sssssssssTests-Info.plist";
				PRODUCT_NAME = "$(TARGET_NAME)";
				TEST_HOST = "$(BUNDLE_LOADER)";
				WRAPPER_EXTENSION = xctest;
			};
			name = Debug;
		};
		F403474318243D7400C3D169 /* Release */ = {
			isa = XCBuildConfiguration;
			buildSettings = {
				ARCHS = "$(ARCHS_STANDARD_INCLUDING_64_BIT)";
				BUNDLE_LOADER = "$(BUILT_PRODUCTS_DIR)/sssssssss.app/sssssssss";
				FRAMEWORK_SEARCH_PATHS = (
					"$(SDKROOT)/Developer/Library/Frameworks",
					"$(inherited)",
					"$(DEVELOPER_FRAMEWORKS_DIR)",
				);
				GCC_PRECOMPILE_PREFIX_HEADER = YES;
				GCC_PREFIX_HEADER = "sssssssss/sssssssss-Prefix.pch";
				INFOPLIST_FILE = "sssssssssTests/sssssssssTests-Info.plist";
				PRODUCT_NAME = "$(TARGET_NAME)";
				TEST_HOST = "$(BUNDLE_LOADER)";
				WRAPPER_EXTENSION = xctest;
			};
			name = Release;
		};
/* End XCBuildConfiguration section */

/* Begin XCConfigurationList section */
		F40346FE18243D7400C3D169 /* Build configuration list for PBXProject "sssssssss" */ = {
			isa = XCConfigurationList;
			buildConfigurations = (
				F403473C18243D7400C3D169 /* Debug */,
				F403473D18243D7400C3D169 /* Release */,
			);
			defaultConfigurationIsVisible = 0;
			defaultConfigurationName = Release;
		};
		F403473E18243D7400C3D169 /* Build configuration list for PBXNativeTarget "sssssssss" */ = {
			isa = XCConfigurationList;
			buildConfigurations = (
				F403473F18243D7400C3D169 /* Debug */,
				F403474018243D7400C3D169 /* Release */,
			);
			defaultConfigurationIsVisible = 0;
			defaultConfigurationName = Release;
		};
		F403474118243D7400C3D169 /* Build configuration list for PBXNativeTarget "sssssssssTests" */ = {
			isa = XCConfigurationList;
			buildConfigurations = (
				F403474218243D7400C3D169 /* Debug */,
				F403474318243D7400C3D169 /* Release */,
			);
			defaultConfigurationIsVisible = 0;
			defaultConfigurationName = Release;
		};
/* End XCConfigurationList section */

/* Begin XCVersionGroup section */
		F403471D18243D7400C3D169 /* sssssssss.xcdatamodeld */ = {
			isa = XCVersionGroup;
			children = (
				F403471E18243D7400C3D169 /* sssssssss.xcdatamodel */,
			);
			currentVersion = F403471E18243D7400C3D169 /* sssssssss.xcdatamodel */;
			path = sssssssss.xcdatamodeld;
			sourceTree = "<group>";
			versionGroupType = wrapper.xcdatamodel;
		};
/* End XCVersionGroup section */
	};
	rootObject = F40346FB18243D7400C3D169 /* Project object */;
}
